// !$*UTF8*$!
{
	archiveVersion = 1;
	classes = {
	};
	objectVersion = 46;
	objects = {

/* Begin PBXBuildFile section */
		40560B3A1B0DA16A00C3EFB4 /* wwdc2015-top-logo.png in Resources */ = {isa = PBXBuildFile; fileRef = 40560B391B0DA16A00C3EFB4 /* wwdc2015-top-logo.png */; };
		407911AD1B0E2AC400A582FF /* AudioToolbox.framework in Frameworks */ = {isa = PBXBuildFile; fileRef = 407911AC1B0E2AC400A582FF /* AudioToolbox.framework */; };
		407911B11B0E2AEE00A582FF /* CFNetwork.framework in Frameworks */ = {isa = PBXBuildFile; fileRef = 407911AE1B0E2AEE00A582FF /* CFNetwork.framework */; };
		407911B21B0E2AEE00A582FF /* CoreGraphics.framework in Frameworks */ = {isa = PBXBuildFile; fileRef = 407911AF1B0E2AEE00A582FF /* CoreGraphics.framework */; };
		407911B31B0E2AEE00A582FF /* CoreLocation.framework in Frameworks */ = {isa = PBXBuildFile; fileRef = 407911B01B0E2AEE00A582FF /* CoreLocation.framework */; };
		407911B51B0E2AF500A582FF /* MobileCoreServices.framework in Frameworks */ = {isa = PBXBuildFile; fileRef = 407911B41B0E2AF500A582FF /* MobileCoreServices.framework */; };
		407911B71B0E2AFC00A582FF /* QuartzCore.framework in Frameworks */ = {isa = PBXBuildFile; fileRef = 407911B61B0E2AFC00A582FF /* QuartzCore.framework */; };
		407911BF1B0E2B2A00A582FF /* Accounts.framework in Frameworks */ = {isa = PBXBuildFile; fileRef = 407911B81B0E2B2A00A582FF /* Accounts.framework */; };
		407911C01B0E2B2A00A582FF /* libsqlite3.dylib in Frameworks */ = {isa = PBXBuildFile; fileRef = 407911B91B0E2B2A00A582FF /* libsqlite3.dylib */; };
		407911C11B0E2B2A00A582FF /* libz.dylib in Frameworks */ = {isa = PBXBuildFile; fileRef = 407911BA1B0E2B2A00A582FF /* libz.dylib */; };
		407911C21B0E2B2A00A582FF /* Security.framework in Frameworks */ = {isa = PBXBuildFile; fileRef = 407911BB1B0E2B2A00A582FF /* Security.framework */; };
		407911C31B0E2B2A00A582FF /* Social.framework in Frameworks */ = {isa = PBXBuildFile; fileRef = 407911BC1B0E2B2A00A582FF /* Social.framework */; };
		407911C41B0E2B2A00A582FF /* StoreKit.framework in Frameworks */ = {isa = PBXBuildFile; fileRef = 407911BD1B0E2B2A00A582FF /* StoreKit.framework */; };
		407911C51B0E2B2A00A582FF /* SystemConfiguration.framework in Frameworks */ = {isa = PBXBuildFile; fileRef = 407911BE1B0E2B2A00A582FF /* SystemConfiguration.framework */; };
		408211651B0E034B00D567AC /* MainScreenViewController.swift in Sources */ = {isa = PBXBuildFile; fileRef = 408211641B0E034B00D567AC /* MainScreenViewController.swift */; };
		408211671B0E254400D567AC /* 11358626_821050244645510_1909173720_n.jpg in Resources */ = {isa = PBXBuildFile; fileRef = 408211661B0E254400D567AC /* 11358626_821050244645510_1909173720_n.jpg */; };
		4082116F1B0E292300D567AC /* ParseUI.framework in Frameworks */ = {isa = PBXBuildFile; fileRef = 408211691B0E292300D567AC /* ParseUI.framework */; };
		408211701B0E292300D567AC /* ParseCrashReporting.framework in Frameworks */ = {isa = PBXBuildFile; fileRef = 4082116A1B0E292300D567AC /* ParseCrashReporting.framework */; };
		408211711B0E292300D567AC /* Bolts.framework in Frameworks */ = {isa = PBXBuildFile; fileRef = 4082116B1B0E292300D567AC /* Bolts.framework */; };
		408211721B0E292300D567AC /* ParseFacebookUtils.framework in Frameworks */ = {isa = PBXBuildFile; fileRef = 4082116C1B0E292300D567AC /* ParseFacebookUtils.framework */; };
		408211731B0E292300D567AC /* ParseFacebookUtilsV4.framework in Frameworks */ = {isa = PBXBuildFile; fileRef = 4082116D1B0E292300D567AC /* ParseFacebookUtilsV4.framework */; };
		408211761B0E296A00D567AC /* DataManager.swift in Sources */ = {isa = PBXBuildFile; fileRef = 408211751B0E296A00D567AC /* DataManager.swift */; };
		409A11E51B0E49EC0096462D /* ScholarTableRow.swift in Sources */ = {isa = PBXBuildFile; fileRef = 409A11E41B0E49EC0096462D /* ScholarTableRow.swift */; };
		409A11E61B0E4EC00096462D /* 11358626_821050244645510_1909173720_n.jpg in Resources */ = {isa = PBXBuildFile; fileRef = 408211661B0E254400D567AC /* 11358626_821050244645510_1909173720_n.jpg */; };
		409A11E71B0E4EC40096462D /* 11358626_821050244645510_1909173720_n.jpg in Resources */ = {isa = PBXBuildFile; fileRef = 408211661B0E254400D567AC /* 11358626_821050244645510_1909173720_n.jpg */; };
		409A11E91B0F09D60096462D /* Parse.framework in Frameworks */ = {isa = PBXBuildFile; fileRef = 408211681B0E292300D567AC /* Parse.framework */; };
		409A246C1B0E3618005509AF /* InterfaceController.swift in Sources */ = {isa = PBXBuildFile; fileRef = 409A246B1B0E3618005509AF /* InterfaceController.swift */; };
		409A246E1B0E3618005509AF /* Images.xcassets in Resources */ = {isa = PBXBuildFile; fileRef = 409A246D1B0E3618005509AF /* Images.xcassets */; };
		409A24721B0E3619005509AF /* WWDC Scholars 2015 WatchKit App.app in Resources */ = {isa = PBXBuildFile; fileRef = 409A24711B0E3618005509AF /* WWDC Scholars 2015 WatchKit App.app */; };
		409A247A1B0E3619005509AF /* Interface.storyboard in Resources */ = {isa = PBXBuildFile; fileRef = 409A24781B0E3619005509AF /* Interface.storyboard */; };
		409A247C1B0E3619005509AF /* Images.xcassets in Resources */ = {isa = PBXBuildFile; fileRef = 409A247B1B0E3619005509AF /* Images.xcassets */; };
		409A247F1B0E3619005509AF /* WWDC Scholars 2015 WatchKit Extension.appex in Embed App Extensions */ = {isa = PBXBuildFile; fileRef = 409A24671B0E3618005509AF /* WWDC Scholars 2015 WatchKit Extension.appex */; settings = {ATTRIBUTES = (RemoveHeadersOnCopy, ); }; };
		C00C27401B0D5C9C008C19AE /* AppDelegate.swift in Sources */ = {isa = PBXBuildFile; fileRef = C00C273F1B0D5C9C008C19AE /* AppDelegate.swift */; };
		C00C27421B0D5C9C008C19AE /* LocationViewController.swift in Sources */ = {isa = PBXBuildFile; fileRef = C00C27411B0D5C9C008C19AE /* LocationViewController.swift */; };
		C00C27451B0D5C9C008C19AE /* Main.storyboard in Resources */ = {isa = PBXBuildFile; fileRef = C00C27431B0D5C9C008C19AE /* Main.storyboard */; };
		C00C27471B0D5C9C008C19AE /* Images.xcassets in Resources */ = {isa = PBXBuildFile; fileRef = C00C27461B0D5C9C008C19AE /* Images.xcassets */; };
		C00C274A1B0D5C9C008C19AE /* LaunchScreen.xib in Resources */ = {isa = PBXBuildFile; fileRef = C00C27481B0D5C9C008C19AE /* LaunchScreen.xib */; };
		C00C27561B0D5C9C008C19AE /* WWDC_Scholars_2015Tests.swift in Sources */ = {isa = PBXBuildFile; fileRef = C00C27551B0D5C9C008C19AE /* WWDC_Scholars_2015Tests.swift */; };
		C00C276E1B0D5CEC008C19AE /* QCluster.m in Sources */ = {isa = PBXBuildFile; fileRef = C00C27641B0D5CEC008C19AE /* QCluster.m */; };
		C00C276F1B0D5CEC008C19AE /* QNode.m in Sources */ = {isa = PBXBuildFile; fileRef = C00C27661B0D5CEC008C19AE /* QNode.m */; };
		C00C27701B0D5CEC008C19AE /* QTree.m in Sources */ = {isa = PBXBuildFile; fileRef = C00C27681B0D5CEC008C19AE /* QTree.m */; };
		C00C27711B0D5CEC008C19AE /* QTreeGeometryUtils.m in Sources */ = {isa = PBXBuildFile; fileRef = C00C276A1B0D5CEC008C19AE /* QTreeGeometryUtils.m */; };
		C00C27781B0D5D9E008C19AE /* ClusterAnnotationView.m in Sources */ = {isa = PBXBuildFile; fileRef = C00C27761B0D5D9E008C19AE /* ClusterAnnotationView.m */; };
		C00C277B1B0D63CD008C19AE /* Scholar.swift in Sources */ = {isa = PBXBuildFile; fileRef = C00C277A1B0D63CD008C19AE /* Scholar.swift */; };
		C00C277E1B0D6A8D008C19AE /* ScholarAnnotation.swift in Sources */ = {isa = PBXBuildFile; fileRef = C00C277D1B0D6A8D008C19AE /* ScholarAnnotation.swift */; };
/* End PBXBuildFile section */

/* Begin PBXContainerItemProxy section */
		409A24731B0E3619005509AF /* PBXContainerItemProxy */ = {
			isa = PBXContainerItemProxy;
			containerPortal = C00C27321B0D5C9C008C19AE /* Project object */;
			proxyType = 1;
			remoteGlobalIDString = 409A24701B0E3618005509AF;
			remoteInfo = "WWDC Scholars 2015 WatchKit App";
		};
		409A247D1B0E3619005509AF /* PBXContainerItemProxy */ = {
			isa = PBXContainerItemProxy;
			containerPortal = C00C27321B0D5C9C008C19AE /* Project object */;
			proxyType = 1;
			remoteGlobalIDString = 409A24661B0E3618005509AF;
			remoteInfo = "WWDC Scholars 2015 WatchKit Extension";
		};
		C00C27501B0D5C9C008C19AE /* PBXContainerItemProxy */ = {
			isa = PBXContainerItemProxy;
			containerPortal = C00C27321B0D5C9C008C19AE /* Project object */;
			proxyType = 1;
			remoteGlobalIDString = C00C27391B0D5C9C008C19AE;
			remoteInfo = "WWDC Scholars 2015";
		};
/* End PBXContainerItemProxy section */

/* Begin PBXCopyFilesBuildPhase section */
		409A24861B0E3619005509AF /* Embed App Extensions */ = {
			isa = PBXCopyFilesBuildPhase;
			buildActionMask = 2147483647;
			dstPath = "";
			dstSubfolderSpec = 13;
			files = (
				409A247F1B0E3619005509AF /* WWDC Scholars 2015 WatchKit Extension.appex in Embed App Extensions */,
			);
			name = "Embed App Extensions";
			runOnlyForDeploymentPostprocessing = 0;
		};
/* End PBXCopyFilesBuildPhase section */

/* Begin PBXFileReference section */
		40560B391B0DA16A00C3EFB4 /* wwdc2015-top-logo.png */ = {isa = PBXFileReference; lastKnownFileType = image.png; path = "wwdc2015-top-logo.png"; sourceTree = "<group>"; };
		407911AC1B0E2AC400A582FF /* AudioToolbox.framework */ = {isa = PBXFileReference; lastKnownFileType = wrapper.framework; name = AudioToolbox.framework; path = System/Library/Frameworks/AudioToolbox.framework; sourceTree = SDKROOT; };
		407911AE1B0E2AEE00A582FF /* CFNetwork.framework */ = {isa = PBXFileReference; lastKnownFileType = wrapper.framework; name = CFNetwork.framework; path = System/Library/Frameworks/CFNetwork.framework; sourceTree = SDKROOT; };
		407911AF1B0E2AEE00A582FF /* CoreGraphics.framework */ = {isa = PBXFileReference; lastKnownFileType = wrapper.framework; name = CoreGraphics.framework; path = System/Library/Frameworks/CoreGraphics.framework; sourceTree = SDKROOT; };
		407911B01B0E2AEE00A582FF /* CoreLocation.framework */ = {isa = PBXFileReference; lastKnownFileType = wrapper.framework; name = CoreLocation.framework; path = System/Library/Frameworks/CoreLocation.framework; sourceTree = SDKROOT; };
		407911B41B0E2AF500A582FF /* MobileCoreServices.framework */ = {isa = PBXFileReference; lastKnownFileType = wrapper.framework; name = MobileCoreServices.framework; path = System/Library/Frameworks/MobileCoreServices.framework; sourceTree = SDKROOT; };
		407911B61B0E2AFC00A582FF /* QuartzCore.framework */ = {isa = PBXFileReference; lastKnownFileType = wrapper.framework; name = QuartzCore.framework; path = System/Library/Frameworks/QuartzCore.framework; sourceTree = SDKROOT; };
		407911B81B0E2B2A00A582FF /* Accounts.framework */ = {isa = PBXFileReference; lastKnownFileType = wrapper.framework; name = Accounts.framework; path = System/Library/Frameworks/Accounts.framework; sourceTree = SDKROOT; };
		407911B91B0E2B2A00A582FF /* libsqlite3.dylib */ = {isa = PBXFileReference; lastKnownFileType = "compiled.mach-o.dylib"; name = libsqlite3.dylib; path = usr/lib/libsqlite3.dylib; sourceTree = SDKROOT; };
		407911BA1B0E2B2A00A582FF /* libz.dylib */ = {isa = PBXFileReference; lastKnownFileType = "compiled.mach-o.dylib"; name = libz.dylib; path = usr/lib/libz.dylib; sourceTree = SDKROOT; };
		407911BB1B0E2B2A00A582FF /* Security.framework */ = {isa = PBXFileReference; lastKnownFileType = wrapper.framework; name = Security.framework; path = System/Library/Frameworks/Security.framework; sourceTree = SDKROOT; };
		407911BC1B0E2B2A00A582FF /* Social.framework */ = {isa = PBXFileReference; lastKnownFileType = wrapper.framework; name = Social.framework; path = System/Library/Frameworks/Social.framework; sourceTree = SDKROOT; };
		407911BD1B0E2B2A00A582FF /* StoreKit.framework */ = {isa = PBXFileReference; lastKnownFileType = wrapper.framework; name = StoreKit.framework; path = System/Library/Frameworks/StoreKit.framework; sourceTree = SDKROOT; };
		407911BE1B0E2B2A00A582FF /* SystemConfiguration.framework */ = {isa = PBXFileReference; lastKnownFileType = wrapper.framework; name = SystemConfiguration.framework; path = System/Library/Frameworks/SystemConfiguration.framework; sourceTree = SDKROOT; };
		408211641B0E034B00D567AC /* MainScreenViewController.swift */ = {isa = PBXFileReference; fileEncoding = 4; lastKnownFileType = sourcecode.swift; path = MainScreenViewController.swift; sourceTree = "<group>"; };
		408211661B0E254400D567AC /* 11358626_821050244645510_1909173720_n.jpg */ = {isa = PBXFileReference; lastKnownFileType = image.jpeg; path = 11358626_821050244645510_1909173720_n.jpg; sourceTree = "<group>"; };
		408211681B0E292300D567AC /* Parse.framework */ = {isa = PBXFileReference; lastKnownFileType = wrapper.framework; path = Parse.framework; sourceTree = "<group>"; };
		408211691B0E292300D567AC /* ParseUI.framework */ = {isa = PBXFileReference; lastKnownFileType = wrapper.framework; path = ParseUI.framework; sourceTree = "<group>"; };
		4082116A1B0E292300D567AC /* ParseCrashReporting.framework */ = {isa = PBXFileReference; lastKnownFileType = wrapper.framework; path = ParseCrashReporting.framework; sourceTree = "<group>"; };
		4082116B1B0E292300D567AC /* Bolts.framework */ = {isa = PBXFileReference; lastKnownFileType = wrapper.framework; path = Bolts.framework; sourceTree = "<group>"; };
		4082116C1B0E292300D567AC /* ParseFacebookUtils.framework */ = {isa = PBXFileReference; lastKnownFileType = wrapper.framework; path = ParseFacebookUtils.framework; sourceTree = "<group>"; };
		4082116D1B0E292300D567AC /* ParseFacebookUtilsV4.framework */ = {isa = PBXFileReference; lastKnownFileType = wrapper.framework; path = ParseFacebookUtilsV4.framework; sourceTree = "<group>"; };
		408211751B0E296A00D567AC /* DataManager.swift */ = {isa = PBXFileReference; fileEncoding = 4; lastKnownFileType = sourcecode.swift; path = DataManager.swift; sourceTree = "<group>"; };
		409A11E41B0E49EC0096462D /* ScholarTableRow.swift */ = {isa = PBXFileReference; fileEncoding = 4; lastKnownFileType = sourcecode.swift; path = ScholarTableRow.swift; sourceTree = "<group>"; };
		409A11E81B0E521C0096462D /* WWDC Scholars 2015.entitlements */ = {isa = PBXFileReference; lastKnownFileType = text.xml; path = "WWDC Scholars 2015.entitlements"; sourceTree = "<group>"; };
		409A24671B0E3618005509AF /* WWDC Scholars 2015 WatchKit Extension.appex */ = {isa = PBXFileReference; explicitFileType = "wrapper.app-extension"; includeInIndex = 0; path = "WWDC Scholars 2015 WatchKit Extension.appex"; sourceTree = BUILT_PRODUCTS_DIR; };
		409A246A1B0E3618005509AF /* Info.plist */ = {isa = PBXFileReference; lastKnownFileType = text.plist.xml; path = Info.plist; sourceTree = "<group>"; };
		409A246B1B0E3618005509AF /* InterfaceController.swift */ = {isa = PBXFileReference; lastKnownFileType = sourcecode.swift; path = InterfaceController.swift; sourceTree = "<group>"; };
		409A246D1B0E3618005509AF /* Images.xcassets */ = {isa = PBXFileReference; lastKnownFileType = folder.assetcatalog; path = Images.xcassets; sourceTree = "<group>"; };
		409A24711B0E3618005509AF /* WWDC Scholars 2015 WatchKit App.app */ = {isa = PBXFileReference; explicitFileType = wrapper.application; includeInIndex = 0; path = "WWDC Scholars 2015 WatchKit App.app"; sourceTree = BUILT_PRODUCTS_DIR; };
		409A24771B0E3619005509AF /* Info.plist */ = {isa = PBXFileReference; lastKnownFileType = text.plist.xml; path = Info.plist; sourceTree = "<group>"; };
		409A24791B0E3619005509AF /* Base */ = {isa = PBXFileReference; lastKnownFileType = file.storyboard; name = Base; path = Base.lproj/Interface.storyboard; sourceTree = "<group>"; };
		409A247B1B0E3619005509AF /* Images.xcassets */ = {isa = PBXFileReference; lastKnownFileType = folder.assetcatalog; path = Images.xcassets; sourceTree = "<group>"; };
		C00C273A1B0D5C9C008C19AE /* WWDC Scholars 2015.app */ = {isa = PBXFileReference; explicitFileType = wrapper.application; includeInIndex = 0; path = "WWDC Scholars 2015.app"; sourceTree = BUILT_PRODUCTS_DIR; };
		C00C273E1B0D5C9C008C19AE /* Info.plist */ = {isa = PBXFileReference; lastKnownFileType = text.plist.xml; path = Info.plist; sourceTree = "<group>"; };
		C00C273F1B0D5C9C008C19AE /* AppDelegate.swift */ = {isa = PBXFileReference; lastKnownFileType = sourcecode.swift; path = AppDelegate.swift; sourceTree = "<group>"; };
		C00C27411B0D5C9C008C19AE /* LocationViewController.swift */ = {isa = PBXFileReference; lastKnownFileType = sourcecode.swift; path = LocationViewController.swift; sourceTree = "<group>"; };
		C00C27441B0D5C9C008C19AE /* Base */ = {isa = PBXFileReference; lastKnownFileType = file.storyboard; name = Base; path = Base.lproj/Main.storyboard; sourceTree = "<group>"; };
		C00C27461B0D5C9C008C19AE /* Images.xcassets */ = {isa = PBXFileReference; lastKnownFileType = folder.assetcatalog; path = Images.xcassets; sourceTree = "<group>"; };
		C00C27491B0D5C9C008C19AE /* Base */ = {isa = PBXFileReference; lastKnownFileType = file.xib; name = Base; path = Base.lproj/LaunchScreen.xib; sourceTree = "<group>"; };
		C00C274F1B0D5C9C008C19AE /* WWDC Scholars 2015Tests.xctest */ = {isa = PBXFileReference; explicitFileType = wrapper.cfbundle; includeInIndex = 0; path = "WWDC Scholars 2015Tests.xctest"; sourceTree = BUILT_PRODUCTS_DIR; };
		C00C27541B0D5C9C008C19AE /* Info.plist */ = {isa = PBXFileReference; lastKnownFileType = text.plist.xml; path = Info.plist; sourceTree = "<group>"; };
		C00C27551B0D5C9C008C19AE /* WWDC_Scholars_2015Tests.swift */ = {isa = PBXFileReference; lastKnownFileType = sourcecode.swift; path = WWDC_Scholars_2015Tests.swift; sourceTree = "<group>"; };
		C00C27631B0D5CEB008C19AE /* QCluster.h */ = {isa = PBXFileReference; fileEncoding = 4; lastKnownFileType = sourcecode.c.h; path = QCluster.h; sourceTree = "<group>"; };
		C00C27641B0D5CEC008C19AE /* QCluster.m */ = {isa = PBXFileReference; fileEncoding = 4; lastKnownFileType = sourcecode.c.objc; path = QCluster.m; sourceTree = "<group>"; };
		C00C27651B0D5CEC008C19AE /* QNode.h */ = {isa = PBXFileReference; fileEncoding = 4; lastKnownFileType = sourcecode.c.h; path = QNode.h; sourceTree = "<group>"; };
		C00C27661B0D5CEC008C19AE /* QNode.m */ = {isa = PBXFileReference; fileEncoding = 4; lastKnownFileType = sourcecode.c.objc; path = QNode.m; sourceTree = "<group>"; };
		C00C27671B0D5CEC008C19AE /* QTree.h */ = {isa = PBXFileReference; fileEncoding = 4; lastKnownFileType = sourcecode.c.h; path = QTree.h; sourceTree = "<group>"; };
		C00C27681B0D5CEC008C19AE /* QTree.m */ = {isa = PBXFileReference; fileEncoding = 4; lastKnownFileType = sourcecode.c.objc; path = QTree.m; sourceTree = "<group>"; };
		C00C27691B0D5CEC008C19AE /* QTreeGeometryUtils.h */ = {isa = PBXFileReference; fileEncoding = 4; lastKnownFileType = sourcecode.c.h; path = QTreeGeometryUtils.h; sourceTree = "<group>"; };
		C00C276A1B0D5CEC008C19AE /* QTreeGeometryUtils.m */ = {isa = PBXFileReference; fileEncoding = 4; lastKnownFileType = sourcecode.c.objc; path = QTreeGeometryUtils.m; sourceTree = "<group>"; };
		C00C276B1B0D5CEC008C19AE /* QTreeInsertable.h */ = {isa = PBXFileReference; fileEncoding = 4; lastKnownFileType = sourcecode.c.h; path = QTreeInsertable.h; sourceTree = "<group>"; };
		C00C27751B0D5D37008C19AE /* Header.h */ = {isa = PBXFileReference; fileEncoding = 4; lastKnownFileType = sourcecode.c.h; name = Header.h; path = ../Header.h; sourceTree = "<group>"; };
		C00C27761B0D5D9E008C19AE /* ClusterAnnotationView.m */ = {isa = PBXFileReference; fileEncoding = 4; lastKnownFileType = sourcecode.c.objc; path = ClusterAnnotationView.m; sourceTree = "<group>"; };
		C00C27771B0D5D9E008C19AE /* ClusterAnnotationView.h */ = {isa = PBXFileReference; fileEncoding = 4; lastKnownFileType = sourcecode.c.h; path = ClusterAnnotationView.h; sourceTree = "<group>"; };
		C00C277A1B0D63CD008C19AE /* Scholar.swift */ = {isa = PBXFileReference; fileEncoding = 4; lastKnownFileType = sourcecode.swift; path = Scholar.swift; sourceTree = "<group>"; };
		C00C277D1B0D6A8D008C19AE /* ScholarAnnotation.swift */ = {isa = PBXFileReference; fileEncoding = 4; lastKnownFileType = sourcecode.swift; path = ScholarAnnotation.swift; sourceTree = "<group>"; };
/* End PBXFileReference section */

/* Begin PBXFrameworksBuildPhase section */
		409A24641B0E3618005509AF /* Frameworks */ = {
			isa = PBXFrameworksBuildPhase;
			buildActionMask = 2147483647;
			files = (
			);
			runOnlyForDeploymentPostprocessing = 0;
		};
		C00C27371B0D5C9C008C19AE /* Frameworks */ = {
			isa = PBXFrameworksBuildPhase;
			buildActionMask = 2147483647;
			files = (
				409A11E91B0F09D60096462D /* Parse.framework in Frameworks */,
				407911BF1B0E2B2A00A582FF /* Accounts.framework in Frameworks */,
				407911C01B0E2B2A00A582FF /* libsqlite3.dylib in Frameworks */,
				407911C11B0E2B2A00A582FF /* libz.dylib in Frameworks */,
				407911C21B0E2B2A00A582FF /* Security.framework in Frameworks */,
				407911C31B0E2B2A00A582FF /* Social.framework in Frameworks */,
				407911C41B0E2B2A00A582FF /* StoreKit.framework in Frameworks */,
				407911C51B0E2B2A00A582FF /* SystemConfiguration.framework in Frameworks */,
				407911B71B0E2AFC00A582FF /* QuartzCore.framework in Frameworks */,
				407911B51B0E2AF500A582FF /* MobileCoreServices.framework in Frameworks */,
				407911B11B0E2AEE00A582FF /* CFNetwork.framework in Frameworks */,
				407911B21B0E2AEE00A582FF /* CoreGraphics.framework in Frameworks */,
				407911B31B0E2AEE00A582FF /* CoreLocation.framework in Frameworks */,
				407911AD1B0E2AC400A582FF /* AudioToolbox.framework in Frameworks */,
				4082116F1B0E292300D567AC /* ParseUI.framework in Frameworks */,
				408211701B0E292300D567AC /* ParseCrashReporting.framework in Frameworks */,
				408211731B0E292300D567AC /* ParseFacebookUtilsV4.framework in Frameworks */,
				408211721B0E292300D567AC /* ParseFacebookUtils.framework in Frameworks */,
				408211711B0E292300D567AC /* Bolts.framework in Frameworks */,
			);
			runOnlyForDeploymentPostprocessing = 0;
		};
		C00C274C1B0D5C9C008C19AE /* Frameworks */ = {
			isa = PBXFrameworksBuildPhase;
			buildActionMask = 2147483647;
			files = (
			);
			runOnlyForDeploymentPostprocessing = 0;
		};
/* End PBXFrameworksBuildPhase section */

/* Begin PBXGroup section */
		40560B381B0DA16100C3EFB4 /* Images */ = {
			isa = PBXGroup;
			children = (
				408211661B0E254400D567AC /* 11358626_821050244645510_1909173720_n.jpg */,
				40560B391B0DA16A00C3EFB4 /* wwdc2015-top-logo.png */,
			);
			name = Images;
			sourceTree = "<group>";
		};
		407911AB1B0E29CC00A582FF /* Managers */ = {
			isa = PBXGroup;
			children = (
				408211751B0E296A00D567AC /* DataManager.swift */,
			);
			name = Managers;
			sourceTree = "<group>";
		};
		407911C61B0E2B3100A582FF /* iOS libs */ = {
			isa = PBXGroup;
			children = (
				407911B81B0E2B2A00A582FF /* Accounts.framework */,
				407911B91B0E2B2A00A582FF /* libsqlite3.dylib */,
				407911BA1B0E2B2A00A582FF /* libz.dylib */,
				407911BB1B0E2B2A00A582FF /* Security.framework */,
				407911BC1B0E2B2A00A582FF /* Social.framework */,
				407911BD1B0E2B2A00A582FF /* StoreKit.framework */,
				407911BE1B0E2B2A00A582FF /* SystemConfiguration.framework */,
				407911B61B0E2AFC00A582FF /* QuartzCore.framework */,
				407911B41B0E2AF500A582FF /* MobileCoreServices.framework */,
				407911AE1B0E2AEE00A582FF /* CFNetwork.framework */,
				407911AF1B0E2AEE00A582FF /* CoreGraphics.framework */,
				407911B01B0E2AEE00A582FF /* CoreLocation.framework */,
				407911AC1B0E2AC400A582FF /* AudioToolbox.framework */,
			);
			name = "iOS libs";
			path = ..;
			sourceTree = "<group>";
		};
		408211631B0E032C00D567AC /* MainScreen */ = {
			isa = PBXGroup;
			children = (
				408211641B0E034B00D567AC /* MainScreenViewController.swift */,
			);
			name = MainScreen;
			sourceTree = "<group>";
		};
		408211741B0E292800D567AC /* Parse */ = {
			isa = PBXGroup;
			children = (
				407911C61B0E2B3100A582FF /* iOS libs */,
				408211681B0E292300D567AC /* Parse.framework */,
				408211691B0E292300D567AC /* ParseUI.framework */,
				4082116A1B0E292300D567AC /* ParseCrashReporting.framework */,
				4082116B1B0E292300D567AC /* Bolts.framework */,
				4082116C1B0E292300D567AC /* ParseFacebookUtils.framework */,
				4082116D1B0E292300D567AC /* ParseFacebookUtilsV4.framework */,
			);
			name = Parse;
			sourceTree = "<group>";
		};
		409A24681B0E3618005509AF /* WWDC Scholars 2015 WatchKit Extension */ = {
			isa = PBXGroup;
			children = (
				409A246B1B0E3618005509AF /* InterfaceController.swift */,
				409A246D1B0E3618005509AF /* Images.xcassets */,
				409A24691B0E3618005509AF /* Supporting Files */,
				409A11E41B0E49EC0096462D /* ScholarTableRow.swift */,
			);
			path = "WWDC Scholars 2015 WatchKit Extension";
			sourceTree = "<group>";
		};
		409A24691B0E3618005509AF /* Supporting Files */ = {
			isa = PBXGroup;
			children = (
				409A246A1B0E3618005509AF /* Info.plist */,
			);
			name = "Supporting Files";
			sourceTree = "<group>";
		};
		409A24751B0E3619005509AF /* WWDC Scholars 2015 WatchKit App */ = {
			isa = PBXGroup;
			children = (
				409A24781B0E3619005509AF /* Interface.storyboard */,
				409A247B1B0E3619005509AF /* Images.xcassets */,
				409A24761B0E3619005509AF /* Supporting Files */,
			);
			path = "WWDC Scholars 2015 WatchKit App";
			sourceTree = "<group>";
		};
		409A24761B0E3619005509AF /* Supporting Files */ = {
			isa = PBXGroup;
			children = (
				409A24771B0E3619005509AF /* Info.plist */,
			);
			name = "Supporting Files";
			sourceTree = "<group>";
		};
		C00C27311B0D5C9C008C19AE = {
			isa = PBXGroup;
			children = (
				C00C273C1B0D5C9C008C19AE /* WWDC Scholars 2015 */,
				C00C27521B0D5C9C008C19AE /* WWDC Scholars 2015Tests */,
				409A24681B0E3618005509AF /* WWDC Scholars 2015 WatchKit Extension */,
				409A24751B0E3619005509AF /* WWDC Scholars 2015 WatchKit App */,
				C00C273B1B0D5C9C008C19AE /* Products */,
			);
			sourceTree = "<group>";
		};
		C00C273B1B0D5C9C008C19AE /* Products */ = {
			isa = PBXGroup;
			children = (
				C00C273A1B0D5C9C008C19AE /* WWDC Scholars 2015.app */,
				C00C274F1B0D5C9C008C19AE /* WWDC Scholars 2015Tests.xctest */,
				409A24671B0E3618005509AF /* WWDC Scholars 2015 WatchKit Extension.appex */,
				409A24711B0E3618005509AF /* WWDC Scholars 2015 WatchKit App.app */,
			);
			name = Products;
			sourceTree = "<group>";
		};
		C00C273C1B0D5C9C008C19AE /* WWDC Scholars 2015 */ = {
			isa = PBXGroup;
			children = (
				409A11E81B0E521C0096462D /* WWDC Scholars 2015.entitlements */,
				40560B381B0DA16100C3EFB4 /* Images */,
				C00C27731B0D5CF1008C19AE /* Library */,
				C00C277C1B0D63D6008C19AE /* Model */,
				C00C27791B0D5E10008C19AE /* Controller */,
				C00C273D1B0D5C9C008C19AE /* Supporting Files */,
				407911AB1B0E29CC00A582FF /* Managers */,
			);
			path = "WWDC Scholars 2015";
			sourceTree = "<group>";
		};
		C00C273D1B0D5C9C008C19AE /* Supporting Files */ = {
			isa = PBXGroup;
			children = (
				C00C273F1B0D5C9C008C19AE /* AppDelegate.swift */,
				C00C27431B0D5C9C008C19AE /* Main.storyboard */,
				C00C27751B0D5D37008C19AE /* Header.h */,
				C00C27461B0D5C9C008C19AE /* Images.xcassets */,
				C00C27481B0D5C9C008C19AE /* LaunchScreen.xib */,
				C00C273E1B0D5C9C008C19AE /* Info.plist */,
			);
			name = "Supporting Files";
			sourceTree = "<group>";
		};
		C00C27521B0D5C9C008C19AE /* WWDC Scholars 2015Tests */ = {
			isa = PBXGroup;
			children = (
				C00C27551B0D5C9C008C19AE /* WWDC_Scholars_2015Tests.swift */,
				C00C27531B0D5C9C008C19AE /* Supporting Files */,
			);
			path = "WWDC Scholars 2015Tests";
			sourceTree = "<group>";
		};
		C00C27531B0D5C9C008C19AE /* Supporting Files */ = {
			isa = PBXGroup;
			children = (
				C00C27541B0D5C9C008C19AE /* Info.plist */,
			);
			name = "Supporting Files";
			sourceTree = "<group>";
		};
		C00C275F1B0D5CEB008C19AE /* QTree-objc */ = {
			isa = PBXGroup;
			children = (
				C00C27611B0D5CEB008C19AE /* QTree */,
			);
			path = "QTree-objc";
			sourceTree = "<group>";
		};
		C00C27611B0D5CEB008C19AE /* QTree */ = {
			isa = PBXGroup;
			children = (
				C00C27621B0D5CEB008C19AE /* QTree */,
			);
			path = QTree;
			sourceTree = "<group>";
		};
		C00C27621B0D5CEB008C19AE /* QTree */ = {
			isa = PBXGroup;
			children = (
				C00C27631B0D5CEB008C19AE /* QCluster.h */,
				C00C27641B0D5CEC008C19AE /* QCluster.m */,
				C00C27651B0D5CEC008C19AE /* QNode.h */,
				C00C27661B0D5CEC008C19AE /* QNode.m */,
				C00C27671B0D5CEC008C19AE /* QTree.h */,
				C00C27681B0D5CEC008C19AE /* QTree.m */,
				C00C27691B0D5CEC008C19AE /* QTreeGeometryUtils.h */,
				C00C276A1B0D5CEC008C19AE /* QTreeGeometryUtils.m */,
				C00C276B1B0D5CEC008C19AE /* QTreeInsertable.h */,
				C00C27761B0D5D9E008C19AE /* ClusterAnnotationView.m */,
				C00C27771B0D5D9E008C19AE /* ClusterAnnotationView.h */,
			);
			path = QTree;
			sourceTree = "<group>";
		};
		C00C27731B0D5CF1008C19AE /* Library */ = {
			isa = PBXGroup;
			children = (
				408211741B0E292800D567AC /* Parse */,
				C00C275F1B0D5CEB008C19AE /* QTree-objc */,
			);
			name = Library;
			sourceTree = "<group>";
		};
		C00C27791B0D5E10008C19AE /* Controller */ = {
			isa = PBXGroup;
			children = (
				408211631B0E032C00D567AC /* MainScreen */,
				C0C6CBB31B0D6AA500A00796 /* MapViewController */,
			);
			name = Controller;
			sourceTree = "<group>";
		};
		C00C277C1B0D63D6008C19AE /* Model */ = {
			isa = PBXGroup;
			children = (
				C00C277A1B0D63CD008C19AE /* Scholar.swift */,
			);
			name = Model;
			sourceTree = "<group>";
		};
		C0C6CBB31B0D6AA500A00796 /* MapViewController */ = {
			isa = PBXGroup;
			children = (
				C00C27411B0D5C9C008C19AE /* LocationViewController.swift */,
				C00C277D1B0D6A8D008C19AE /* ScholarAnnotation.swift */,
			);
			name = MapViewController;
			sourceTree = "<group>";
		};
/* End PBXGroup section */

/* Begin PBXNativeTarget section */
		409A24661B0E3618005509AF /* WWDC Scholars 2015 WatchKit Extension */ = {
			isa = PBXNativeTarget;
			buildConfigurationList = 409A24831B0E3619005509AF /* Build configuration list for PBXNativeTarget "WWDC Scholars 2015 WatchKit Extension" */;
			buildPhases = (
				409A24631B0E3618005509AF /* Sources */,
				409A24641B0E3618005509AF /* Frameworks */,
				409A24651B0E3618005509AF /* Resources */,
			);
			buildRules = (
			);
			dependencies = (
				409A24741B0E3619005509AF /* PBXTargetDependency */,
			);
			name = "WWDC Scholars 2015 WatchKit Extension";
			productName = "WWDC Scholars 2015 WatchKit Extension";
			productReference = 409A24671B0E3618005509AF /* WWDC Scholars 2015 WatchKit Extension.appex */;
			productType = "com.apple.product-type.watchkit-extension";
		};
		409A24701B0E3618005509AF /* WWDC Scholars 2015 WatchKit App */ = {
			isa = PBXNativeTarget;
			buildConfigurationList = 409A24801B0E3619005509AF /* Build configuration list for PBXNativeTarget "WWDC Scholars 2015 WatchKit App" */;
			buildPhases = (
				409A246F1B0E3618005509AF /* Resources */,
			);
			buildRules = (
			);
			dependencies = (
			);
			name = "WWDC Scholars 2015 WatchKit App";
			productName = "WWDC Scholars 2015 WatchKit App";
			productReference = 409A24711B0E3618005509AF /* WWDC Scholars 2015 WatchKit App.app */;
			productType = "com.apple.product-type.application.watchapp";
		};
		C00C27391B0D5C9C008C19AE /* WWDC Scholars 2015 */ = {
			isa = PBXNativeTarget;
			buildConfigurationList = C00C27591B0D5C9C008C19AE /* Build configuration list for PBXNativeTarget "WWDC Scholars 2015" */;
			buildPhases = (
				C00C27361B0D5C9C008C19AE /* Sources */,
				C00C27371B0D5C9C008C19AE /* Frameworks */,
				C00C27381B0D5C9C008C19AE /* Resources */,
				409A24861B0E3619005509AF /* Embed App Extensions */,
			);
			buildRules = (
			);
			dependencies = (
				409A247E1B0E3619005509AF /* PBXTargetDependency */,
			);
			name = "WWDC Scholars 2015";
			productName = "WWDC Scholars 2015";
			productReference = C00C273A1B0D5C9C008C19AE /* WWDC Scholars 2015.app */;
			productType = "com.apple.product-type.application";
		};
		C00C274E1B0D5C9C008C19AE /* WWDC Scholars 2015Tests */ = {
			isa = PBXNativeTarget;
			buildConfigurationList = C00C275C1B0D5C9C008C19AE /* Build configuration list for PBXNativeTarget "WWDC Scholars 2015Tests" */;
			buildPhases = (
				C00C274B1B0D5C9C008C19AE /* Sources */,
				C00C274C1B0D5C9C008C19AE /* Frameworks */,
				C00C274D1B0D5C9C008C19AE /* Resources */,
			);
			buildRules = (
			);
			dependencies = (
				C00C27511B0D5C9C008C19AE /* PBXTargetDependency */,
			);
			name = "WWDC Scholars 2015Tests";
			productName = "WWDC Scholars 2015Tests";
			productReference = C00C274F1B0D5C9C008C19AE /* WWDC Scholars 2015Tests.xctest */;
			productType = "com.apple.product-type.bundle.unit-test";
		};
/* End PBXNativeTarget section */

/* Begin PBXProject section */
		C00C27321B0D5C9C008C19AE /* Project object */ = {
			isa = PBXProject;
			attributes = {
				LastUpgradeCheck = 0630;
				ORGANIZATIONNAME = "WWDC-Scholars";
				TargetAttributes = {
					409A24661B0E3618005509AF = {
						CreatedOnToolsVersion = 6.3.1;
					};
					409A24701B0E3618005509AF = {
						CreatedOnToolsVersion = 6.3.1;
					};
					C00C27391B0D5C9C008C19AE = {
						CreatedOnToolsVersion = 6.3.1;
						DevelopmentTeam = YQ3FQN6Z53;
						SystemCapabilities = {
							com.apple.ApplicationGroups.iOS = {
								enabled = 1;
							};
						};
					};
					C00C274E1B0D5C9C008C19AE = {
						CreatedOnToolsVersion = 6.3.1;
						TestTargetID = C00C27391B0D5C9C008C19AE;
					};
				};
			};
			buildConfigurationList = C00C27351B0D5C9C008C19AE /* Build configuration list for PBXProject "WWDC Scholars 2015" */;
			compatibilityVersion = "Xcode 3.2";
			developmentRegion = English;
			hasScannedForEncodings = 0;
			knownRegions = (
				en,
				Base,
			);
			mainGroup = C00C27311B0D5C9C008C19AE;
			productRefGroup = C00C273B1B0D5C9C008C19AE /* Products */;
			projectDirPath = "";
			projectRoot = "";
			targets = (
				C00C27391B0D5C9C008C19AE /* WWDC Scholars 2015 */,
				C00C274E1B0D5C9C008C19AE /* WWDC Scholars 2015Tests */,
				409A24661B0E3618005509AF /* WWDC Scholars 2015 WatchKit Extension */,
				409A24701B0E3618005509AF /* WWDC Scholars 2015 WatchKit App */,
			);
		};
/* End PBXProject section */

/* Begin PBXResourcesBuildPhase section */
		409A24651B0E3618005509AF /* Resources */ = {
			isa = PBXResourcesBuildPhase;
			buildActionMask = 2147483647;
			files = (
				409A24721B0E3619005509AF /* WWDC Scholars 2015 WatchKit App.app in Resources */,
				409A246E1B0E3618005509AF /* Images.xcassets in Resources */,
				409A11E61B0E4EC00096462D /* 11358626_821050244645510_1909173720_n.jpg in Resources */,
			);
			runOnlyForDeploymentPostprocessing = 0;
		};
		409A246F1B0E3618005509AF /* Resources */ = {
			isa = PBXResourcesBuildPhase;
			buildActionMask = 2147483647;
			files = (
				409A247A1B0E3619005509AF /* Interface.storyboard in Resources */,
				409A247C1B0E3619005509AF /* Images.xcassets in Resources */,
				409A11E71B0E4EC40096462D /* 11358626_821050244645510_1909173720_n.jpg in Resources */,
			);
			runOnlyForDeploymentPostprocessing = 0;
		};
		C00C27381B0D5C9C008C19AE /* Resources */ = {
			isa = PBXResourcesBuildPhase;
			buildActionMask = 2147483647;
			files = (
				C00C27451B0D5C9C008C19AE /* Main.storyboard in Resources */,
				C00C274A1B0D5C9C008C19AE /* LaunchScreen.xib in Resources */,
				408211671B0E254400D567AC /* 11358626_821050244645510_1909173720_n.jpg in Resources */,
				C00C27471B0D5C9C008C19AE /* Images.xcassets in Resources */,
				40560B3A1B0DA16A00C3EFB4 /* wwdc2015-top-logo.png in Resources */,
			);
			runOnlyForDeploymentPostprocessing = 0;
		};
		C00C274D1B0D5C9C008C19AE /* Resources */ = {
			isa = PBXResourcesBuildPhase;
			buildActionMask = 2147483647;
			files = (
			);
			runOnlyForDeploymentPostprocessing = 0;
		};
/* End PBXResourcesBuildPhase section */

/* Begin PBXSourcesBuildPhase section */
		409A24631B0E3618005509AF /* Sources */ = {
			isa = PBXSourcesBuildPhase;
			buildActionMask = 2147483647;
			files = (
				409A11E51B0E49EC0096462D /* ScholarTableRow.swift in Sources */,
				409A246C1B0E3618005509AF /* InterfaceController.swift in Sources */,
			);
			runOnlyForDeploymentPostprocessing = 0;
		};
		C00C27361B0D5C9C008C19AE /* Sources */ = {
			isa = PBXSourcesBuildPhase;
			buildActionMask = 2147483647;
			files = (
				C00C276E1B0D5CEC008C19AE /* QCluster.m in Sources */,
				C00C27711B0D5CEC008C19AE /* QTreeGeometryUtils.m in Sources */,
				C00C27421B0D5C9C008C19AE /* LocationViewController.swift in Sources */,
				C00C27781B0D5D9E008C19AE /* ClusterAnnotationView.m in Sources */,
				C00C277E1B0D6A8D008C19AE /* ScholarAnnotation.swift in Sources */,
				408211651B0E034B00D567AC /* MainScreenViewController.swift in Sources */,
				C00C277B1B0D63CD008C19AE /* Scholar.swift in Sources */,
				408211761B0E296A00D567AC /* DataManager.swift in Sources */,
				C00C27701B0D5CEC008C19AE /* QTree.m in Sources */,
				C00C27401B0D5C9C008C19AE /* AppDelegate.swift in Sources */,
				C00C276F1B0D5CEC008C19AE /* QNode.m in Sources */,
			);
			runOnlyForDeploymentPostprocessing = 0;
		};
		C00C274B1B0D5C9C008C19AE /* Sources */ = {
			isa = PBXSourcesBuildPhase;
			buildActionMask = 2147483647;
			files = (
				C00C27561B0D5C9C008C19AE /* WWDC_Scholars_2015Tests.swift in Sources */,
			);
			runOnlyForDeploymentPostprocessing = 0;
		};
/* End PBXSourcesBuildPhase section */

/* Begin PBXTargetDependency section */
		409A24741B0E3619005509AF /* PBXTargetDependency */ = {
			isa = PBXTargetDependency;
			target = 409A24701B0E3618005509AF /* WWDC Scholars 2015 WatchKit App */;
			targetProxy = 409A24731B0E3619005509AF /* PBXContainerItemProxy */;
		};
		409A247E1B0E3619005509AF /* PBXTargetDependency */ = {
			isa = PBXTargetDependency;
			target = 409A24661B0E3618005509AF /* WWDC Scholars 2015 WatchKit Extension */;
			targetProxy = 409A247D1B0E3619005509AF /* PBXContainerItemProxy */;
		};
		C00C27511B0D5C9C008C19AE /* PBXTargetDependency */ = {
			isa = PBXTargetDependency;
			target = C00C27391B0D5C9C008C19AE /* WWDC Scholars 2015 */;
			targetProxy = C00C27501B0D5C9C008C19AE /* PBXContainerItemProxy */;
		};
/* End PBXTargetDependency section */

/* Begin PBXVariantGroup section */
		409A24781B0E3619005509AF /* Interface.storyboard */ = {
			isa = PBXVariantGroup;
			children = (
				409A24791B0E3619005509AF /* Base */,
			);
			name = Interface.storyboard;
			sourceTree = "<group>";
		};
		C00C27431B0D5C9C008C19AE /* Main.storyboard */ = {
			isa = PBXVariantGroup;
			children = (
				C00C27441B0D5C9C008C19AE /* Base */,
			);
			name = Main.storyboard;
			sourceTree = "<group>";
		};
		C00C27481B0D5C9C008C19AE /* LaunchScreen.xib */ = {
			isa = PBXVariantGroup;
			children = (
				C00C27491B0D5C9C008C19AE /* Base */,
			);
			name = LaunchScreen.xib;
			sourceTree = "<group>";
		};
/* End PBXVariantGroup section */

/* Begin XCBuildConfiguration section */
		409A24811B0E3619005509AF /* Debug */ = {
			isa = XCBuildConfiguration;
			buildSettings = {
				ASSETCATALOG_COMPILER_APPICON_NAME = AppIcon;
				GCC_PREPROCESSOR_DEFINITIONS = (
					"DEBUG=1",
					"$(inherited)",
				);
				IBSC_MODULE = WWDC_Scholars_2015_WatchKit_Extension;
				INFOPLIST_FILE = "WWDC Scholars 2015 WatchKit App/Info.plist";
				IPHONEOS_DEPLOYMENT_TARGET = 8.2;
				PRODUCT_NAME = "$(TARGET_NAME)";
				SKIP_INSTALL = YES;
				TARGETED_DEVICE_FAMILY = 4;
				"TARGETED_DEVICE_FAMILY[sdk=iphonesimulator*]" = "1,4";
			};
			name = Debug;
		};
		409A24821B0E3619005509AF /* Release */ = {
			isa = XCBuildConfiguration;
			buildSettings = {
				ASSETCATALOG_COMPILER_APPICON_NAME = AppIcon;
				IBSC_MODULE = WWDC_Scholars_2015_WatchKit_Extension;
				INFOPLIST_FILE = "WWDC Scholars 2015 WatchKit App/Info.plist";
				IPHONEOS_DEPLOYMENT_TARGET = 8.2;
				PRODUCT_NAME = "$(TARGET_NAME)";
				SKIP_INSTALL = YES;
				TARGETED_DEVICE_FAMILY = 4;
				"TARGETED_DEVICE_FAMILY[sdk=iphonesimulator*]" = "1,4";
			};
			name = Release;
		};
		409A24841B0E3619005509AF /* Debug */ = {
			isa = XCBuildConfiguration;
			buildSettings = {
				GCC_PREPROCESSOR_DEFINITIONS = (
					"DEBUG=1",
					"$(inherited)",
				);
				INFOPLIST_FILE = "WWDC Scholars 2015 WatchKit Extension/Info.plist";
				LD_RUNPATH_SEARCH_PATHS = "$(inherited) @executable_path/Frameworks @executable_path/../../Frameworks";
				PRODUCT_NAME = "${TARGET_NAME}";
				SKIP_INSTALL = YES;
			};
			name = Debug;
		};
		409A24851B0E3619005509AF /* Release */ = {
			isa = XCBuildConfiguration;
			buildSettings = {
				INFOPLIST_FILE = "WWDC Scholars 2015 WatchKit Extension/Info.plist";
				LD_RUNPATH_SEARCH_PATHS = "$(inherited) @executable_path/Frameworks @executable_path/../../Frameworks";
				PRODUCT_NAME = "${TARGET_NAME}";
				SKIP_INSTALL = YES;
			};
			name = Release;
		};
		C00C27571B0D5C9C008C19AE /* Debug */ = {
			isa = XCBuildConfiguration;
			buildSettings = {
				ALWAYS_SEARCH_USER_PATHS = NO;
				CLANG_CXX_LANGUAGE_STANDARD = "gnu++0x";
				CLANG_CXX_LIBRARY = "libc++";
				CLANG_ENABLE_MODULES = YES;
				CLANG_ENABLE_OBJC_ARC = YES;
				CLANG_WARN_BOOL_CONVERSION = YES;
				CLANG_WARN_CONSTANT_CONVERSION = YES;
				CLANG_WARN_DIRECT_OBJC_ISA_USAGE = YES_ERROR;
				CLANG_WARN_EMPTY_BODY = YES;
				CLANG_WARN_ENUM_CONVERSION = YES;
				CLANG_WARN_INT_CONVERSION = YES;
				CLANG_WARN_OBJC_ROOT_CLASS = YES_ERROR;
				CLANG_WARN_UNREACHABLE_CODE = YES;
				CLANG_WARN__DUPLICATE_METHOD_MATCH = YES;
				"CODE_SIGN_IDENTITY[sdk=iphoneos*]" = "iPhone Developer";
				COPY_PHASE_STRIP = NO;
				DEBUG_INFORMATION_FORMAT = "dwarf-with-dsym";
				ENABLE_STRICT_OBJC_MSGSEND = YES;
				GCC_C_LANGUAGE_STANDARD = gnu99;
				GCC_DYNAMIC_NO_PIC = NO;
				GCC_NO_COMMON_BLOCKS = YES;
				GCC_OPTIMIZATION_LEVEL = 0;
				GCC_PREPROCESSOR_DEFINITIONS = (
					"DEBUG=1",
					"$(inherited)",
				);
				GCC_SYMBOLS_PRIVATE_EXTERN = NO;
				GCC_WARN_64_TO_32_BIT_CONVERSION = YES;
				GCC_WARN_ABOUT_RETURN_TYPE = YES_ERROR;
				GCC_WARN_UNDECLARED_SELECTOR = YES;
				GCC_WARN_UNINITIALIZED_AUTOS = YES_AGGRESSIVE;
				GCC_WARN_UNUSED_FUNCTION = YES;
				GCC_WARN_UNUSED_VARIABLE = YES;
				IPHONEOS_DEPLOYMENT_TARGET = 8.3;
				MTL_ENABLE_DEBUG_INFO = YES;
				ONLY_ACTIVE_ARCH = YES;
				SDKROOT = iphoneos;
				SWIFT_OPTIMIZATION_LEVEL = "-Onone";
				TARGETED_DEVICE_FAMILY = "1,2";
			};
			name = Debug;
		};
		C00C27581B0D5C9C008C19AE /* Release */ = {
			isa = XCBuildConfiguration;
			buildSettings = {
				ALWAYS_SEARCH_USER_PATHS = NO;
				CLANG_CXX_LANGUAGE_STANDARD = "gnu++0x";
				CLANG_CXX_LIBRARY = "libc++";
				CLANG_ENABLE_MODULES = YES;
				CLANG_ENABLE_OBJC_ARC = YES;
				CLANG_WARN_BOOL_CONVERSION = YES;
				CLANG_WARN_CONSTANT_CONVERSION = YES;
				CLANG_WARN_DIRECT_OBJC_ISA_USAGE = YES_ERROR;
				CLANG_WARN_EMPTY_BODY = YES;
				CLANG_WARN_ENUM_CONVERSION = YES;
				CLANG_WARN_INT_CONVERSION = YES;
				CLANG_WARN_OBJC_ROOT_CLASS = YES_ERROR;
				CLANG_WARN_UNREACHABLE_CODE = YES;
				CLANG_WARN__DUPLICATE_METHOD_MATCH = YES;
				"CODE_SIGN_IDENTITY[sdk=iphoneos*]" = "iPhone Developer";
				COPY_PHASE_STRIP = NO;
				DEBUG_INFORMATION_FORMAT = "dwarf-with-dsym";
				ENABLE_NS_ASSERTIONS = NO;
				ENABLE_STRICT_OBJC_MSGSEND = YES;
				GCC_C_LANGUAGE_STANDARD = gnu99;
				GCC_NO_COMMON_BLOCKS = YES;
				GCC_WARN_64_TO_32_BIT_CONVERSION = YES;
				GCC_WARN_ABOUT_RETURN_TYPE = YES_ERROR;
				GCC_WARN_UNDECLARED_SELECTOR = YES;
				GCC_WARN_UNINITIALIZED_AUTOS = YES_AGGRESSIVE;
				GCC_WARN_UNUSED_FUNCTION = YES;
				GCC_WARN_UNUSED_VARIABLE = YES;
				IPHONEOS_DEPLOYMENT_TARGET = 8.3;
				MTL_ENABLE_DEBUG_INFO = NO;
				SDKROOT = iphoneos;
				TARGETED_DEVICE_FAMILY = "1,2";
				VALIDATE_PRODUCT = YES;
			};
			name = Release;
		};
		C00C275A1B0D5C9C008C19AE /* Debug */ = {
			isa = XCBuildConfiguration;
			buildSettings = {
				ASSETCATALOG_COMPILER_APPICON_NAME = AppIcon;
				CODE_SIGN_ENTITLEMENTS = "WWDC Scholars 2015/WWDC Scholars 2015.entitlements";
				CODE_SIGN_IDENTITY = "iPhone Developer";
				"CODE_SIGN_IDENTITY[sdk=iphoneos*]" = "iPhone Developer";
				FRAMEWORK_SEARCH_PATHS = (
					"$(inherited)",
					"$(PROJECT_DIR)/WWDC",
					Scholars,
					2015,
				);
				INFOPLIST_FILE = "WWDC Scholars 2015/Info.plist";
				LD_RUNPATH_SEARCH_PATHS = "$(inherited) @executable_path/Frameworks";
				PRODUCT_NAME = "$(TARGET_NAME)";
				PROVISIONING_PROFILE = "";
				SWIFT_OBJC_BRIDGING_HEADER = Header.h;
			};
			name = Debug;
		};
		C00C275B1B0D5C9C008C19AE /* Release */ = {
			isa = XCBuildConfiguration;
			buildSettings = {
				ASSETCATALOG_COMPILER_APPICON_NAME = AppIcon;
				CODE_SIGN_ENTITLEMENTS = "WWDC Scholars 2015/WWDC Scholars 2015.entitlements";
				CODE_SIGN_IDENTITY = "iPhone Developer";
				"CODE_SIGN_IDENTITY[sdk=iphoneos*]" = "iPhone Developer";
				FRAMEWORK_SEARCH_PATHS = (
					"$(inherited)",
					"$(PROJECT_DIR)/WWDC",
					Scholars,
					2015,
				);
				INFOPLIST_FILE = "WWDC Scholars 2015/Info.plist";
				LD_RUNPATH_SEARCH_PATHS = "$(inherited) @executable_path/Frameworks";
				PRODUCT_NAME = "$(TARGET_NAME)";
				PROVISIONING_PROFILE = "";
				SWIFT_OBJC_BRIDGING_HEADER = Header.h;
			};
			name = Release;
		};
		C00C275D1B0D5C9C008C19AE /* Debug */ = {
			isa = XCBuildConfiguration;
			buildSettings = {
				BUNDLE_LOADER = "$(TEST_HOST)";
				FRAMEWORK_SEARCH_PATHS = (
					"$(SDKROOT)/Developer/Library/Frameworks",
					"$(inherited)",
				);
				GCC_PREPROCESSOR_DEFINITIONS = (
					"DEBUG=1",
					"$(inherited)",
				);
				INFOPLIST_FILE = "WWDC Scholars 2015Tests/Info.plist";
				LD_RUNPATH_SEARCH_PATHS = "$(inherited) @executable_path/Frameworks @loader_path/Frameworks";
				PRODUCT_NAME = "$(TARGET_NAME)";
				TEST_HOST = "$(BUILT_PRODUCTS_DIR)/WWDC Scholars 2015.app/WWDC Scholars 2015";
			};
			name = Debug;
		};
		C00C275E1B0D5C9C008C19AE /* Release */ = {
			isa = XCBuildConfiguration;
			buildSettings = {
				BUNDLE_LOADER = "$(TEST_HOST)";
				FRAMEWORK_SEARCH_PATHS = (
					"$(SDKROOT)/Developer/Library/Frameworks",
					"$(inherited)",
				);
				INFOPLIST_FILE = "WWDC Scholars 2015Tests/Info.plist";
				LD_RUNPATH_SEARCH_PATHS = "$(inherited) @executable_path/Frameworks @loader_path/Frameworks";
				PRODUCT_NAME = "$(TARGET_NAME)";
				TEST_HOST = "$(BUILT_PRODUCTS_DIR)/WWDC Scholars 2015.app/WWDC Scholars 2015";
			};
			name = Release;
		};
/* End XCBuildConfiguration section */

/* Begin XCConfigurationList section */
		409A24801B0E3619005509AF /* Build configuration list for PBXNativeTarget "WWDC Scholars 2015 WatchKit App" */ = {
			isa = XCConfigurationList;
			buildConfigurations = (
				409A24811B0E3619005509AF /* Debug */,
				409A24821B0E3619005509AF /* Release */,
			);
			defaultConfigurationIsVisible = 0;
			defaultConfigurationName = Release;
		};
		409A24831B0E3619005509AF /* Build configuration list for PBXNativeTarget "WWDC Scholars 2015 WatchKit Extension" */ = {
			isa = XCConfigurationList;
			buildConfigurations = (
				409A24841B0E3619005509AF /* Debug */,
				409A24851B0E3619005509AF /* Release */,
			);
			defaultConfigurationIsVisible = 0;
			defaultConfigurationName = Release;
		};
		C00C27351B0D5C9C008C19AE /* Build configuration list for PBXProject "WWDC Scholars 2015" */ = {
			isa = XCConfigurationList;
			buildConfigurations = (
				C00C27571B0D5C9C008C19AE /* Debug */,
				C00C27581B0D5C9C008C19AE /* Release */,
			);
			defaultConfigurationIsVisible = 0;
			defaultConfigurationName = Release;
		};
		C00C27591B0D5C9C008C19AE /* Build configuration list for PBXNativeTarget "WWDC Scholars 2015" */ = {
			isa = XCConfigurationList;
			buildConfigurations = (
				C00C275A1B0D5C9C008C19AE /* Debug */,
				C00C275B1B0D5C9C008C19AE /* Release */,
			);
			defaultConfigurationIsVisible = 0;
			defaultConfigurationName = Release;
		};
		C00C275C1B0D5C9C008C19AE /* Build configuration list for PBXNativeTarget "WWDC Scholars 2015Tests" */ = {
			isa = XCConfigurationList;
			buildConfigurations = (
				C00C275D1B0D5C9C008C19AE /* Debug */,
				C00C275E1B0D5C9C008C19AE /* Release */,
			);
			defaultConfigurationIsVisible = 0;
			defaultConfigurationName = Release;
		};
/* End XCConfigurationList section */
	};
	rootObject = C00C27321B0D5C9C008C19AE /* Project object */;
}
